
Microsoft Visual Studio Solution File, Format Version 12.00
# Visual Studio 15
VisualStudioVersion = 15.0.27703.2042
MinimumVisualStudioVersion = 10.0.40219.1
Project("{FAE04EC0-301F-11D3-BF4B-00C04F79EFBC}") = "ConnectToRemoteLocation", "ConnectToRemoteLocation\ConnectToRemoteLocation.csproj", "{E323C163-D087-4A8C-9312-4822D82FE94C}"
EndProject
Project("{FAE04EC0-301F-11D3-BF4B-00C04F79EFBC}") = "DLL_ConnectToRemoteLocation", "DLL_ConnectToRemoteLocation\DLL_ConnectToRemoteLocation.csproj", "{C9EDE49E-D8D3-43C3-B67B-48FF57AB4CD0}"
EndProject
Global
	GlobalSection(SolutionConfigurationPlatforms) = preSolution
		Debug|Any CPU = Debug|Any CPU
		Release|Any CPU = Release|Any CPU
	EndGlobalSection
	GlobalSection(ProjectConfigurationPlatforms) = postSolution
		{E323C163-D087-4A8C-9312-4822D82FE94C}.Debug|Any CPU.ActiveCfg = Debug|Any CPU
		{E323C163-D087-4A8C-9312-4822D82FE94C}.Debug|Any CPU.Build.0 = Debug|Any CPU
		{E323C163-D087-4A8C-9312-4822D82FE94C}.Release|Any CPU.ActiveCfg = Release|Any CPU
		{E323C163-D087-4A8C-9312-4822D82FE94C}.Release|Any CPU.Build.0 = Release|Any CPU
		{C9EDE49E-D8D3-43C3-B67B-48FF57AB4CD0}.Debug|Any CPU.ActiveCfg = Debug|Any CPU
		{C9EDE49E-D8D3-43C3-B67B-48FF57AB4CD0}.Debug|Any CPU.Build.0 = Debug|Any CPU
		{C9EDE49E-D8D3-43C3-B67B-48FF57AB4CD0}.Release|Any CPU.ActiveCfg = Release|Any CPU
		{C9EDE49E-D8D3-43C3-B67B-48FF57AB4CD0}.Release|Any CPU.Build.0 = Release|Any CPU
	EndGlobalSection
	GlobalSection(SolutionProperties) = preSolution
		HideSolutionNode = FALSE
	EndGlobalSection
	GlobalSection(ExtensibilityGlobals) = postSolution
		SolutionGuid = {377677F6-BA37-41D6-8FD3-4DCECFEB60D3}
	EndGlobalSection
EndGlobal
